// !$*UTF8*$!
{
	archiveVersion = 1;
	classes = {
	};
	objectVersion = 55;
	objects = {

/* Begin PBXBuildFile section */
		200158462817B49500D02A35 /* AppDelegate.swift in Sources */ = {isa = PBXBuildFile; fileRef = 200158452817B49500D02A35 /* AppDelegate.swift */; };
		200158482817B49500D02A35 /* SceneDelegate.swift in Sources */ = {isa = PBXBuildFile; fileRef = 200158472817B49500D02A35 /* SceneDelegate.swift */; };
		2001584A2817B49500D02A35 /* ViewController.swift in Sources */ = {isa = PBXBuildFile; fileRef = 200158492817B49500D02A35 /* ViewController.swift */; };
		2001584D2817B49500D02A35 /* Main.storyboard in Resources */ = {isa = PBXBuildFile; fileRef = 2001584B2817B49500D02A35 /* Main.storyboard */; };
		200158502817B49500D02A35 /* MyDailyTransactionApp.xcdatamodeld in Sources */ = {isa = PBXBuildFile; fileRef = 2001584E2817B49500D02A35 /* MyDailyTransactionApp.xcdatamodeld */; };
		200158522817B49500D02A35 /* Assets.xcassets in Resources */ = {isa = PBXBuildFile; fileRef = 200158512817B49500D02A35 /* Assets.xcassets */; };
		200158552817B49500D02A35 /* LaunchScreen.storyboard in Resources */ = {isa = PBXBuildFile; fileRef = 200158532817B49500D02A35 /* LaunchScreen.storyboard */; };
		200158602817B49500D02A35 /* MyDailyTransactionAppTests.swift in Sources */ = {isa = PBXBuildFile; fileRef = 2001585F2817B49500D02A35 /* MyDailyTransactionAppTests.swift */; };
		2001586A2817B49500D02A35 /* MyDailyTransactionAppUITests.swift in Sources */ = {isa = PBXBuildFile; fileRef = 200158692817B49500D02A35 /* MyDailyTransactionAppUITests.swift */; };
		2001586C2817B49500D02A35 /* MyDailyTransactionAppUITestsLaunchTests.swift in Sources */ = {isa = PBXBuildFile; fileRef = 2001586B2817B49500D02A35 /* MyDailyTransactionAppUITestsLaunchTests.swift */; };
		2001587E2819272100D02A35 /* CustomElements.swift in Sources */ = {isa = PBXBuildFile; fileRef = 2001587D2819272100D02A35 /* CustomElements.swift */; };
/* End PBXBuildFile section */

/* Begin PBXContainerItemProxy section */
		2001585C2817B49500D02A35 /* PBXContainerItemProxy */ = {
			isa = PBXContainerItemProxy;
			containerPortal = 2001583A2817B49500D02A35 /* Project object */;
			proxyType = 1;
			remoteGlobalIDString = 200158412817B49500D02A35;
			remoteInfo = MyDailyTransactionApp;
		};
		200158662817B49500D02A35 /* PBXContainerItemProxy */ = {
			isa = PBXContainerItemProxy;
			containerPortal = 2001583A2817B49500D02A35 /* Project object */;
			proxyType = 1;
			remoteGlobalIDString = 200158412817B49500D02A35;
			remoteInfo = MyDailyTransactionApp;
		};
/* End PBXContainerItemProxy section */

/* Begin PBXFileReference section */
		200158422817B49500D02A35 /* MyDailyTransactionApp.app */ = {isa = PBXFileReference; explicitFileType = wrapper.application; includeInIndex = 0; path = MyDailyTransactionApp.app; sourceTree = BUILT_PRODUCTS_DIR; };
		200158452817B49500D02A35 /* AppDelegate.swift */ = {isa = PBXFileReference; lastKnownFileType = sourcecode.swift; path = AppDelegate.swift; sourceTree = "<group>"; };
		200158472817B49500D02A35 /* SceneDelegate.swift */ = {isa = PBXFileReference; lastKnownFileType = sourcecode.swift; path = SceneDelegate.swift; sourceTree = "<group>"; };
		200158492817B49500D02A35 /* ViewController.swift */ = {isa = PBXFileReference; lastKnownFileType = sourcecode.swift; path = ViewController.swift; sourceTree = "<group>"; };
		2001584C2817B49500D02A35 /* Base */ = {isa = PBXFileReference; lastKnownFileType = file.storyboard; name = Base; path = Base.lproj/Main.storyboard; sourceTree = "<group>"; };
		2001584F2817B49500D02A35 /* MyDailyTransactionApp.xcdatamodel */ = {isa = PBXFileReference; lastKnownFileType = wrapper.xcdatamodel; path = MyDailyTransactionApp.xcdatamodel; sourceTree = "<group>"; };
		200158512817B49500D02A35 /* Assets.xcassets */ = {isa = PBXFileReference; lastKnownFileType = folder.assetcatalog; path = Assets.xcassets; sourceTree = "<group>"; };
		200158542817B49500D02A35 /* Base */ = {isa = PBXFileReference; lastKnownFileType = file.storyboard; name = Base; path = Base.lproj/LaunchScreen.storyboard; sourceTree = "<group>"; };
		200158562817B49500D02A35 /* Info.plist */ = {isa = PBXFileReference; lastKnownFileType = text.plist.xml; path = Info.plist; sourceTree = "<group>"; };
		2001585B2817B49500D02A35 /* MyDailyTransactionAppTests.xctest */ = {isa = PBXFileReference; explicitFileType = wrapper.cfbundle; includeInIndex = 0; path = MyDailyTransactionAppTests.xctest; sourceTree = BUILT_PRODUCTS_DIR; };
		2001585F2817B49500D02A35 /* MyDailyTransactionAppTests.swift */ = {isa = PBXFileReference; lastKnownFileType = sourcecode.swift; path = MyDailyTransactionAppTests.swift; sourceTree = "<group>"; };
		200158652817B49500D02A35 /* MyDailyTransactionAppUITests.xctest */ = {isa = PBXFileReference; explicitFileType = wrapper.cfbundle; includeInIndex = 0; path = MyDailyTransactionAppUITests.xctest; sourceTree = BUILT_PRODUCTS_DIR; };
		200158692817B49500D02A35 /* MyDailyTransactionAppUITests.swift */ = {isa = PBXFileReference; lastKnownFileType = sourcecode.swift; path = MyDailyTransactionAppUITests.swift; sourceTree = "<group>"; };
		2001586B2817B49500D02A35 /* MyDailyTransactionAppUITestsLaunchTests.swift */ = {isa = PBXFileReference; lastKnownFileType = sourcecode.swift; path = MyDailyTransactionAppUITestsLaunchTests.swift; sourceTree = "<group>"; };
		2001587D2819272100D02A35 /* CustomElements.swift */ = {isa = PBXFileReference; lastKnownFileType = sourcecode.swift; path = CustomElements.swift; sourceTree = "<group>"; };
/* End PBXFileReference section */

/* Begin PBXFrameworksBuildPhase section */
		2001583F2817B49500D02A35 /* Frameworks */ = {
			isa = PBXFrameworksBuildPhase;
			buildActionMask = 2147483647;
			files = (
			);
			runOnlyForDeploymentPostprocessing = 0;
		};
		200158582817B49500D02A35 /* Frameworks */ = {
			isa = PBXFrameworksBuildPhase;
			buildActionMask = 2147483647;
			files = (
			);
			runOnlyForDeploymentPostprocessing = 0;
		};
		200158622817B49500D02A35 /* Frameworks */ = {
			isa = PBXFrameworksBuildPhase;
			buildActionMask = 2147483647;
			files = (
			);
			runOnlyForDeploymentPostprocessing = 0;
		};
/* End PBXFrameworksBuildPhase section */

/* Begin PBXGroup section */
		200158392817B49500D02A35 = {
			isa = PBXGroup;
			children = (
				200158442817B49500D02A35 /* MyDailyTransactionApp */,
				2001585E2817B49500D02A35 /* MyDailyTransactionAppTests */,
				200158682817B49500D02A35 /* MyDailyTransactionAppUITests */,
				200158432817B49500D02A35 /* Products */,
			);
			sourceTree = "<group>";
		};
		200158432817B49500D02A35 /* Products */ = {
			isa = PBXGroup;
			children = (
				200158422817B49500D02A35 /* MyDailyTransactionApp.app */,
				2001585B2817B49500D02A35 /* MyDailyTransactionAppTests.xctest */,
				200158652817B49500D02A35 /* MyDailyTransactionAppUITests.xctest */,
			);
			name = Products;
			sourceTree = "<group>";
		};
		200158442817B49500D02A35 /* MyDailyTransactionApp */ = {
			isa = PBXGroup;
			children = (
				2001587B2819262B00D02A35 /* Helpers */,
				2001587A2819257D00D02A35 /* viewController */,
				200158452817B49500D02A35 /* AppDelegate.swift */,
				200158472817B49500D02A35 /* SceneDelegate.swift */,
				2001584B2817B49500D02A35 /* Main.storyboard */,
				200158512817B49500D02A35 /* Assets.xcassets */,
				200158532817B49500D02A35 /* LaunchScreen.storyboard */,
				200158562817B49500D02A35 /* Info.plist */,
				2001584E2817B49500D02A35 /* MyDailyTransactionApp.xcdatamodeld */,
			);
			path = MyDailyTransactionApp;
			sourceTree = "<group>";
		};
		2001585E2817B49500D02A35 /* MyDailyTransactionAppTests */ = {
			isa = PBXGroup;
			children = (
				2001585F2817B49500D02A35 /* MyDailyTransactionAppTests.swift */,
			);
			path = MyDailyTransactionAppTests;
			sourceTree = "<group>";
		};
		200158682817B49500D02A35 /* MyDailyTransactionAppUITests */ = {
			isa = PBXGroup;
			children = (
				200158692817B49500D02A35 /* MyDailyTransactionAppUITests.swift */,
				2001586B2817B49500D02A35 /* MyDailyTransactionAppUITestsLaunchTests.swift */,
			);
			path = MyDailyTransactionAppUITests;
			sourceTree = "<group>";
		};
		2001587A2819257D00D02A35 /* viewController */ = {
			isa = PBXGroup;
			children = (
				200158492817B49500D02A35 /* ViewController.swift */,
			);
			path = viewController;
			sourceTree = "<group>";
		};
		2001587B2819262B00D02A35 /* Helpers */ = {
			isa = PBXGroup;
			children = (
				2001587D2819272100D02A35 /* CustomElements.swift */,
			);
			path = Helpers;
			sourceTree = "<group>";
		};
/* End PBXGroup section */

/* Begin PBXNativeTarget section */
		200158412817B49500D02A35 /* MyDailyTransactionApp */ = {
			isa = PBXNativeTarget;
			buildConfigurationList = 2001586F2817B49500D02A35 /* Build configuration list for PBXNativeTarget "MyDailyTransactionApp" */;
			buildPhases = (
				2001583E2817B49500D02A35 /* Sources */,
				2001583F2817B49500D02A35 /* Frameworks */,
				200158402817B49500D02A35 /* Resources */,
			);
			buildRules = (
			);
			dependencies = (
			);
			name = MyDailyTransactionApp;
			productName = MyDailyTransactionApp;
			productReference = 200158422817B49500D02A35 /* MyDailyTransactionApp.app */;
			productType = "com.apple.product-type.application";
		};
		2001585A2817B49500D02A35 /* MyDailyTransactionAppTests */ = {
			isa = PBXNativeTarget;
			buildConfigurationList = 200158722817B49500D02A35 /* Build configuration list for PBXNativeTarget "MyDailyTransactionAppTests" */;
			buildPhases = (
				200158572817B49500D02A35 /* Sources */,
				200158582817B49500D02A35 /* Frameworks */,
				200158592817B49500D02A35 /* Resources */,
			);
			buildRules = (
			);
			dependencies = (
				2001585D2817B49500D02A35 /* PBXTargetDependency */,
			);
			name = MyDailyTransactionAppTests;
			productName = MyDailyTransactionAppTests;
			productReference = 2001585B2817B49500D02A35 /* MyDailyTransactionAppTests.xctest */;
			productType = "com.apple.product-type.bundle.unit-test";
		};
		200158642817B49500D02A35 /* MyDailyTransactionAppUITests */ = {
			isa = PBXNativeTarget;
			buildConfigurationList = 200158752817B49500D02A35 /* Build configuration list for PBXNativeTarget "MyDailyTransactionAppUITests" */;
			buildPhases = (
				200158612817B49500D02A35 /* Sources */,
				200158622817B49500D02A35 /* Frameworks */,
				200158632817B49500D02A35 /* Resources */,
			);
			buildRules = (
			);
			dependencies = (
				200158672817B49500D02A35 /* PBXTargetDependency */,
			);
			name = MyDailyTransactionAppUITests;
			productName = MyDailyTransactionAppUITests;
			productReference = 200158652817B49500D02A35 /* MyDailyTransactionAppUITests.xctest */;
			productType = "com.apple.product-type.bundle.ui-testing";
		};
/* End PBXNativeTarget section */

/* Begin PBXProject section */
		2001583A2817B49500D02A35 /* Project object */ = {
			isa = PBXProject;
			attributes = {
				BuildIndependentTargetsInParallel = 1;
				LastSwiftUpdateCheck = 1330;
				LastUpgradeCheck = 1330;
				TargetAttributes = {
					200158412817B49500D02A35 = {
						CreatedOnToolsVersion = 13.3.1;
					};
					2001585A2817B49500D02A35 = {
						CreatedOnToolsVersion = 13.3.1;
						TestTargetID = 200158412817B49500D02A35;
					};
					200158642817B49500D02A35 = {
						CreatedOnToolsVersion = 13.3.1;
						TestTargetID = 200158412817B49500D02A35;
					};
				};
			};
			buildConfigurationList = 2001583D2817B49500D02A35 /* Build configuration list for PBXProject "MyDailyTransactionApp" */;
			compatibilityVersion = "Xcode 13.0";
			developmentRegion = en;
			hasScannedForEncodings = 0;
			knownRegions = (
				en,
				Base,
			);
			mainGroup = 200158392817B49500D02A35;
			productRefGroup = 200158432817B49500D02A35 /* Products */;
			projectDirPath = "";
			projectRoot = "";
			targets = (
				200158412817B49500D02A35 /* MyDailyTransactionApp */,
				2001585A2817B49500D02A35 /* MyDailyTransactionAppTests */,
				200158642817B49500D02A35 /* MyDailyTransactionAppUITests */,
			);
		};
/* End PBXProject section */

/* Begin PBXResourcesBuildPhase section */
		200158402817B49500D02A35 /* Resources */ = {
			isa = PBXResourcesBuildPhase;
			buildActionMask = 2147483647;
			files = (
				200158552817B49500D02A35 /* LaunchScreen.storyboard in Resources */,
				200158522817B49500D02A35 /* Assets.xcassets in Resources */,
				2001584D2817B49500D02A35 /* Main.storyboard in Resources */,
			);
			runOnlyForDeploymentPostprocessing = 0;
		};
		200158592817B49500D02A35 /* Resources */ = {
			isa = PBXResourcesBuildPhase;
			buildActionMask = 2147483647;
			files = (
			);
			runOnlyForDeploymentPostprocessing = 0;
		};
		200158632817B49500D02A35 /* Resources */ = {
			isa = PBXResourcesBuildPhase;
			buildActionMask = 2147483647;
			files = (
			);
			runOnlyForDeploymentPostprocessing = 0;
		};
/* End PBXResourcesBuildPhase section */

/* Begin PBXSourcesBuildPhase section */
		2001583E2817B49500D02A35 /* Sources */ = {
			isa = PBXSourcesBuildPhase;
			buildActionMask = 2147483647;
			files = (
				2001584A2817B49500D02A35 /* ViewController.swift in Sources */,
				2001587E2819272100D02A35 /* CustomElements.swift in Sources */,
				200158462817B49500D02A35 /* AppDelegate.swift in Sources */,
				200158502817B49500D02A35 /* MyDailyTransactionApp.xcdatamodeld in Sources */,
				200158482817B49500D02A35 /* SceneDelegate.swift in Sources */,
			);
			runOnlyForDeploymentPostprocessing = 0;
		};
		200158572817B49500D02A35 /* Sources */ = {
			isa = PBXSourcesBuildPhase;
			buildActionMask = 2147483647;
			files = (
				200158602817B49500D02A35 /* MyDailyTransactionAppTests.swift in Sources */,
			);
			runOnlyForDeploymentPostprocessing = 0;
		};
		200158612817B49500D02A35 /* Sources */ = {
			isa = PBXSourcesBuildPhase;
			buildActionMask = 2147483647;
			files = (
				2001586A2817B49500D02A35 /* MyDailyTransactionAppUITests.swift in Sources */,
				2001586C2817B49500D02A35 /* MyDailyTransactionAppUITestsLaunchTests.swift in Sources */,
			);
			runOnlyForDeploymentPostprocessing = 0;
		};
/* End PBXSourcesBuildPhase section */

/* Begin PBXTargetDependency section */
		2001585D2817B49500D02A35 /* PBXTargetDependency */ = {
			isa = PBXTargetDependency;
			target = 200158412817B49500D02A35 /* MyDailyTransactionApp */;
			targetProxy = 2001585C2817B49500D02A35 /* PBXContainerItemProxy */;
		};
		200158672817B49500D02A35 /* PBXTargetDependency */ = {
			isa = PBXTargetDependency;
			target = 200158412817B49500D02A35 /* MyDailyTransactionApp */;
			targetProxy = 200158662817B49500D02A35 /* PBXContainerItemProxy */;
		};
/* End PBXTargetDependency section */

/* Begin PBXVariantGroup section */
		2001584B2817B49500D02A35 /* Main.storyboard */ = {
			isa = PBXVariantGroup;
			children = (
				2001584C2817B49500D02A35 /* Base */,
			);
			name = Main.storyboard;
			sourceTree = "<group>";
		};
		200158532817B49500D02A35 /* LaunchScreen.storyboard */ = {
			isa = PBXVariantGroup;
			children = (
				200158542817B49500D02A35 /* Base */,
			);
			name = LaunchScreen.storyboard;
			sourceTree = "<group>";
		};
/* End PBXVariantGroup section */

/* Begin XCBuildConfiguration section */
		2001586D2817B49500D02A35 /* Debug */ = {
			isa = XCBuildConfiguration;
			buildSettings = {
				ALWAYS_SEARCH_USER_PATHS = NO;
				CLANG_ANALYZER_NONNULL = YES;
				CLANG_ANALYZER_NUMBER_OBJECT_CONVERSION = YES_AGGRESSIVE;
				CLANG_CXX_LANGUAGE_STANDARD = "gnu++17";
				CLANG_ENABLE_MODULES = YES;
				CLANG_ENABLE_OBJC_ARC = YES;
				CLANG_ENABLE_OBJC_WEAK = YES;
				CLANG_WARN_BLOCK_CAPTURE_AUTORELEASING = YES;
				CLANG_WARN_BOOL_CONVERSION = YES;
				CLANG_WARN_COMMA = YES;
				CLANG_WARN_CONSTANT_CONVERSION = YES;
				CLANG_WARN_DEPRECATED_OBJC_IMPLEMENTATIONS = YES;
				CLANG_WARN_DIRECT_OBJC_ISA_USAGE = YES_ERROR;
				CLANG_WARN_DOCUMENTATION_COMMENTS = YES;
				CLANG_WARN_EMPTY_BODY = YES;
				CLANG_WARN_ENUM_CONVERSION = YES;
				CLANG_WARN_INFINITE_RECURSION = YES;
				CLANG_WARN_INT_CONVERSION = YES;
				CLANG_WARN_NON_LITERAL_NULL_CONVERSION = YES;
				CLANG_WARN_OBJC_IMPLICIT_RETAIN_SELF = YES;
				CLANG_WARN_OBJC_LITERAL_CONVERSION = YES;
				CLANG_WARN_OBJC_ROOT_CLASS = YES_ERROR;
				CLANG_WARN_QUOTED_INCLUDE_IN_FRAMEWORK_HEADER = YES;
				CLANG_WARN_RANGE_LOOP_ANALYSIS = YES;
				CLANG_WARN_STRICT_PROTOTYPES = YES;
				CLANG_WARN_SUSPICIOUS_MOVE = YES;
				CLANG_WARN_UNGUARDED_AVAILABILITY = YES_AGGRESSIVE;
				CLANG_WARN_UNREACHABLE_CODE = YES;
				CLANG_WARN__DUPLICATE_METHOD_MATCH = YES;
				COPY_PHASE_STRIP = NO;
				DEBUG_INFORMATION_FORMAT = dwarf;
				ENABLE_STRICT_OBJC_MSGSEND = YES;
				ENABLE_TESTABILITY = YES;
				GCC_C_LANGUAGE_STANDARD = gnu11;
				GCC_DYNAMIC_NO_PIC = NO;
				GCC_NO_COMMON_BLOCKS = YES;
				GCC_OPTIMIZATION_LEVEL = 0;
				GCC_PREPROCESSOR_DEFINITIONS = (
					"DEBUG=1",
					"$(inherited)",
				);
				GCC_WARN_64_TO_32_BIT_CONVERSION = YES;
				GCC_WARN_ABOUT_RETURN_TYPE = YES_ERROR;
				GCC_WARN_UNDECLARED_SELECTOR = YES;
				GCC_WARN_UNINITIALIZED_AUTOS = YES_AGGRESSIVE;
				GCC_WARN_UNUSED_FUNCTION = YES;
				GCC_WARN_UNUSED_VARIABLE = YES;
				IPHONEOS_DEPLOYMENT_TARGET = 15.4;
				MTL_ENABLE_DEBUG_INFO = INCLUDE_SOURCE;
				MTL_FAST_MATH = YES;
				ONLY_ACTIVE_ARCH = YES;
				SDKROOT = iphoneos;
				SWIFT_ACTIVE_COMPILATION_CONDITIONS = DEBUG;
				SWIFT_OPTIMIZATION_LEVEL = "-Onone";
			};
			name = Debug;
		};
		2001586E2817B49500D02A35 /* Release */ = {
			isa = XCBuildConfiguration;
			buildSettings = {
				ALWAYS_SEARCH_USER_PATHS = NO;
				CLANG_ANALYZER_NONNULL = YES;
				CLANG_ANALYZER_NUMBER_OBJECT_CONVERSION = YES_AGGRESSIVE;
				CLANG_CXX_LANGUAGE_STANDARD = "gnu++17";
				CLANG_ENABLE_MODULES = YES;
				CLANG_ENABLE_OBJC_ARC = YES;
				CLANG_ENABLE_OBJC_WEAK = YES;
				CLANG_WARN_BLOCK_CAPTURE_AUTORELEASING = YES;
				CLANG_WARN_BOOL_CONVERSION = YES;
				CLANG_WARN_COMMA = YES;
				CLANG_WARN_CONSTANT_CONVERSION = YES;
				CLANG_WARN_DEPRECATED_OBJC_IMPLEMENTATIONS = YES;
				CLANG_WARN_DIRECT_OBJC_ISA_USAGE = YES_ERROR;
				CLANG_WARN_DOCUMENTATION_COMMENTS = YES;
				CLANG_WARN_EMPTY_BODY = YES;
				CLANG_WARN_ENUM_CONVERSION = YES;
				CLANG_WARN_INFINITE_RECURSION = YES;
				CLANG_WARN_INT_CONVERSION = YES;
				CLANG_WARN_NON_LITERAL_NULL_CONVERSION = YES;
				CLANG_WARN_OBJC_IMPLICIT_RETAIN_SELF = YES;
				CLANG_WARN_OBJC_LITERAL_CONVERSION = YES;
				CLANG_WARN_OBJC_ROOT_CLASS = YES_ERROR;
				CLANG_WARN_QUOTED_INCLUDE_IN_FRAMEWORK_HEADER = YES;
				CLANG_WARN_RANGE_LOOP_ANALYSIS = YES;
				CLANG_WARN_STRICT_PROTOTYPES = YES;
				CLANG_WARN_SUSPICIOUS_MOVE = YES;
				CLANG_WARN_UNGUARDED_AVAILABILITY = YES_AGGRESSIVE;
				CLANG_WARN_UNREACHABLE_CODE = YES;
				CLANG_WARN__DUPLICATE_METHOD_MATCH = YES;
				COPY_PHASE_STRIP = NO;
				DEBUG_INFORMATION_FORMAT = "dwarf-with-dsym";
				ENABLE_NS_ASSERTIONS = NO;
				ENABLE_STRICT_OBJC_MSGSEND = YES;
				GCC_C_LANGUAGE_STANDARD = gnu11;
				GCC_NO_COMMON_BLOCKS = YES;
				GCC_WARN_64_TO_32_BIT_CONVERSION = YES;
				GCC_WARN_ABOUT_RETURN_TYPE = YES_ERROR;
				GCC_WARN_UNDECLARED_SELECTOR = YES;
				GCC_WARN_UNINITIALIZED_AUTOS = YES_AGGRESSIVE;
				GCC_WARN_UNUSED_FUNCTION = YES;
				GCC_WARN_UNUSED_VARIABLE = YES;
				IPHONEOS_DEPLOYMENT_TARGET = 15.4;
				MTL_ENABLE_DEBUG_INFO = NO;
				MTL_FAST_MATH = YES;
				SDKROOT = iphoneos;
				SWIFT_COMPILATION_MODE = wholemodule;
				SWIFT_OPTIMIZATION_LEVEL = "-O";
				VALIDATE_PRODUCT = YES;
			};
			name = Release;
		};
		200158702817B49500D02A35 /* Debug */ = {
			isa = XCBuildConfiguration;
			buildSettings = {
				ASSETCATALOG_COMPILER_APPICON_NAME = AppIcon;
				ASSETCATALOG_COMPILER_GLOBAL_ACCENT_COLOR_NAME = AccentColor;
				CODE_SIGN_STYLE = Automatic;
				CURRENT_PROJECT_VERSION = 1;
				DEVELOPMENT_TEAM = 874S576UUN;
				GENERATE_INFOPLIST_FILE = YES;
				INFOPLIST_FILE = MyDailyTransactionApp/Info.plist;
				INFOPLIST_KEY_UIApplicationSupportsIndirectInputEvents = YES;
				INFOPLIST_KEY_UILaunchStoryboardName = LaunchScreen;
				INFOPLIST_KEY_UIMainStoryboardFile = Main;
				INFOPLIST_KEY_UISupportedInterfaceOrientations_iPad = "UIInterfaceOrientationPortrait UIInterfaceOrientationPortraitUpsideDown UIInterfaceOrientationLandscapeLeft UIInterfaceOrientationLandscapeRight";
				INFOPLIST_KEY_UISupportedInterfaceOrientations_iPhone = "UIInterfaceOrientationPortrait UIInterfaceOrientationLandscapeLeft UIInterfaceOrientationLandscapeRight";
				LD_RUNPATH_SEARCH_PATHS = (
					"$(inherited)",
					"@executable_path/Frameworks",
				);
				MARKETING_VERSION = 1.0;
				PRODUCT_BUNDLE_IDENTIFIER = UrayWidiansyah.MyDailyTransactionApp;
				PRODUCT_NAME = "$(TARGET_NAME)";
				SWIFT_EMIT_LOC_STRINGS = YES;
				SWIFT_VERSION = 5.0;
				TARGETED_DEVICE_FAMILY = "1,2";
			};
			name = Debug;
		};
		200158712817B49500D02A35 /* Release */ = {
			isa = XCBuildConfiguration;
			buildSettings = {
				ASSETCATALOG_COMPILER_APPICON_NAME = AppIcon;
				ASSETCATALOG_COMPILER_GLOBAL_ACCENT_COLOR_NAME = AccentColor;
				CODE_SIGN_STYLE = Automatic;
				CURRENT_PROJECT_VERSION = 1;
				DEVELOPMENT_TEAM = 874S576UUN;
				GENERATE_INFOPLIST_FILE = YES;
				INFOPLIST_FILE = MyDailyTransactionApp/Info.plist;
				INFOPLIST_KEY_UIApplicationSupportsIndirectInputEvents = YES;
				INFOPLIST_KEY_UILaunchStoryboardName = LaunchScreen;
				INFOPLIST_KEY_UIMainStoryboardFile = Main;
				INFOPLIST_KEY_UISupportedInterfaceOrientations_iPad = "UIInterfaceOrientationPortrait UIInterfaceOrientationPortraitUpsideDown UIInterfaceOrientationLandscapeLeft UIInterfaceOrientationLandscapeRight";
				INFOPLIST_KEY_UISupportedInterfaceOrientations_iPhone = "UIInterfaceOrientationPortrait UIInterfaceOrientationLandscapeLeft UIInterfaceOrientationLandscapeRight";
				LD_RUNPATH_SEARCH_PATHS = (
					"$(inherited)",
					"@executable_path/Frameworks",
				);
				MARKETING_VERSION = 1.0;
				PRODUCT_BUNDLE_IDENTIFIER = UrayWidiansyah.MyDailyTransactionApp;
				PRODUCT_NAME = "$(TARGET_NAME)";
				SWIFT_EMIT_LOC_STRINGS = YES;
				SWIFT_VERSION = 5.0;
				TARGETED_DEVICE_FAMILY = "1,2";
			};
			name = Release;
		};
		200158732817B49500D02A35 /* Debug */ = {
			isa = XCBuildConfiguration;
			buildSettings = {
				ALWAYS_EMBED_SWIFT_STANDARD_LIBRARIES = YES;
				BUNDLE_LOADER = "$(TEST_HOST)";
				CODE_SIGN_STYLE = Automatic;
				CURRENT_PROJECT_VERSION = 1;
				DEVELOPMENT_TEAM = 874S576UUN;
				GENERATE_INFOPLIST_FILE = YES;
				IPHONEOS_DEPLOYMENT_TARGET = 15.4;
				MARKETING_VERSION = 1.0;
				PRODUCT_BUNDLE_IDENTIFIER = UrayWidiansyah.MyDailyTransactionAppTests;
				PRODUCT_NAME = "$(TARGET_NAME)";
				SWIFT_EMIT_LOC_STRINGS = NO;
				SWIFT_VERSION = 5.0;
				TARGETED_DEVICE_FAMILY = "1,2";
				TEST_HOST = "$(BUILT_PRODUCTS_DIR)/MyDailyTransactionApp.app/MyDailyTransactionApp";
			};
			name = Debug;
		};
		200158742817B49500D02A35 /* Release */ = {
			isa = XCBuildConfiguration;
			buildSettings = {
				ALWAYS_EMBED_SWIFT_STANDARD_LIBRARIES = YES;
				BUNDLE_LOADER = "$(TEST_HOST)";
				CODE_SIGN_STYLE = Automatic;
				CURRENT_PROJECT_VERSION = 1;
				DEVELOPMENT_TEAM = 874S576UUN;
				GENERATE_INFOPLIST_FILE = YES;
				IPHONEOS_DEPLOYMENT_TARGET = 15.4;
				MARKETING_VERSION = 1.0;
				PRODUCT_BUNDLE_IDENTIFIER = UrayWidiansyah.MyDailyTransactionAppTests;
				PRODUCT_NAME = "$(TARGET_NAME)";
				SWIFT_EMIT_LOC_STRINGS = NO;
				SWIFT_VERSION = 5.0;
				TARGETED_DEVICE_FAMILY = "1,2";
				TEST_HOST = "$(BUILT_PRODUCTS_DIR)/MyDailyTransactionApp.app/MyDailyTransactionApp";
			};
			name = Release;
		};
		200158762817B49500D02A35 /* Debug */ = {
			isa = XCBuildConfiguration;
			buildSettings = {
				ALWAYS_EMBED_SWIFT_STANDARD_LIBRARIES = YES;
				CODE_SIGN_STYLE = Automatic;
				CURRENT_PROJECT_VERSION = 1;
				DEVELOPMENT_TEAM = 874S576UUN;
				GENERATE_INFOPLIST_FILE = YES;
				MARKETING_VERSION = 1.0;
				PRODUCT_BUNDLE_IDENTIFIER = UrayWidiansyah.MyDailyTransactionAppUITests;
				PRODUCT_NAME = "$(TARGET_NAME)";
				SWIFT_EMIT_LOC_STRINGS = NO;
				SWIFT_VERSION = 5.0;
				TARGETED_DEVICE_FAMILY = "1,2";
				TEST_TARGET_NAME = MyDailyTransactionApp;
			};
			name = Debug;
		};
		200158772817B49500D02A35 /* Release */ = {
			isa = XCBuildConfiguration;
			buildSettings = {
				ALWAYS_EMBED_SWIFT_STANDARD_LIBRARIES = YES;
				CODE_SIGN_STYLE = Automatic;
				CURRENT_PROJECT_VERSION = 1;
				DEVELOPMENT_TEAM = 874S576UUN;
				GENERATE_INFOPLIST_FILE = YES;
				MARKETING_VERSION = 1.0;
				PRODUCT_BUNDLE_IDENTIFIER = UrayWidiansyah.MyDailyTransactionAppUITests;
				PRODUCT_NAME = "$(TARGET_NAME)";
				SWIFT_EMIT_LOC_STRINGS = NO;
				SWIFT_VERSION = 5.0;
				TARGETED_DEVICE_FAMILY = "1,2";
				TEST_TARGET_NAME = MyDailyTransactionApp;
			};
			name = Release;
		};
/* End XCBuildConfiguration section */

/* Begin XCConfigurationList section */
		2001583D2817B49500D02A35 /* Build configuration list for PBXProject "MyDailyTransactionApp" */ = {
			isa = XCConfigurationList;
			buildConfigurations = (
				2001586D2817B49500D02A35 /* Debug */,
				2001586E2817B49500D02A35 /* Release */,
			);
			defaultConfigurationIsVisible = 0;
			defaultConfigurationName = Release;
		};
		2001586F2817B49500D02A35 /* Build configuration list for PBXNativeTarget "MyDailyTransactionApp" */ = {
			isa = XCConfigurationList;
			buildConfigurations = (
				200158702817B49500D02A35 /* Debug */,
				200158712817B49500D02A35 /* Release */,
			);
			defaultConfigurationIsVisible = 0;
			defaultConfigurationName = Release;
		};
		200158722817B49500D02A35 /* Build configuration list for PBXNativeTarget "MyDailyTransactionAppTests" */ = {
			isa = XCConfigurationList;
			buildConfigurations = (
				200158732817B49500D02A35 /* Debug */,
				200158742817B49500D02A35 /* Release */,
			);
			defaultConfigurationIsVisible = 0;
			defaultConfigurationName = Release;
		};
		200158752817B49500D02A35 /* Build configuration list for PBXNativeTarget "MyDailyTransactionAppUITests" */ = {
			isa = XCConfigurationList;
			buildConfigurations = (
				200158762817B49500D02A35 /* Debug */,
				200158772817B49500D02A35 /* Release */,
			);
			defaultConfigurationIsVisible = 0;
			defaultConfigurationName = Release;
		};
/* End XCConfigurationList section */

/* Begin XCVersionGroup section */
		2001584E2817B49500D02A35 /* MyDailyTransactionApp.xcdatamodeld */ = {
			isa = XCVersionGroup;
			children = (
				2001584F2817B49500D02A35 /* MyDailyTransactionApp.xcdatamodel */,
			);
			currentVersion = 2001584F2817B49500D02A35 /* MyDailyTransactionApp.xcdatamodel */;
			path = MyDailyTransactionApp.xcdatamodeld;
			sourceTree = "<group>";
			versionGroupType = wrapper.xcdatamodel;
		};
/* End XCVersionGroup section */
	};
	rootObject = 2001583A2817B49500D02A35 /* Project object */;
}
